
Microsoft Visual Studio Solution File, Format Version 12.00
# Visual Studio Version 16
VisualStudioVersion = 16.0.31702.278
MinimumVisualStudioVersion = 10.0.40219.1
Project("{FAE04EC0-301F-11D3-BF4B-00C04F79EFBC}") = "Try Catch Numero al cuadrado", "Try Catch Numero al cuadrado.csproj", "{6A96B51C-4033-43FE-9993-69D7A13DC98D}"
EndProject
Global
	GlobalSection(SolutionConfigurationPlatforms) = preSolution
		Debug|Any CPU = Debug|Any CPU
		Release|Any CPU = Release|Any CPU
	EndGlobalSection
	GlobalSection(ProjectConfigurationPlatforms) = postSolution
		{6A96B51C-4033-43FE-9993-69D7A13DC98D}.Debug|Any CPU.ActiveCfg = Debug|Any CPU
		{6A96B51C-4033-43FE-9993-69D7A13DC98D}.Debug|Any CPU.Build.0 = Debug|Any CPU
		{6A96B51C-4033-43FE-9993-69D7A13DC98D}.Release|Any CPU.ActiveCfg = Release|Any CPU
		{6A96B51C-4033-43FE-9993-69D7A13DC98D}.Release|Any CPU.Build.0 = Release|Any CPU
	EndGlobalSection
	GlobalSection(SolutionProperties) = preSolution
		HideSolutionNode = FALSE
	EndGlobalSection
	GlobalSection(ExtensibilityGlobals) = postSolution
		SolutionGuid = {365C6756-6A7B-4574-B4F5-BC8109320379}
	EndGlobalSection
EndGlobal
